
Microsoft Visual Studio Solution File, Format Version 11.00
# Visual Studio 2010
Project("{FAE04EC0-301F-11D3-BF4B-00C04F79EFBC}") = "IndoorWorx.Infrastructure", "IndoorWorx.Infrastructure.csproj", "{DF3B24C9-443A-42C6-84AE-8C796C091498}"
EndProject
Project("{2150E333-8FDC-42A3-9474-1A3956D46DE8}") = "Default", "Default", "{6509D8EC-4953-4E72-9B3A-710165B58362}"
EndProject
Project("{2150E333-8FDC-42A3-9474-1A3956D46DE8}") = "Silverlight", "Silverlight", "{07A54CE4-CDC7-4800-83E8-2FA9E6B35A3E}"
EndProject
Project("{FAE04EC0-301F-11D3-BF4B-00C04F79EFBC}") = "IndoorWorx.Computrainer", "..\IndoorWorx.Computrainer\IndoorWorx.Computrainer.csproj", "{FDA01ECD-B9D6-424F-A1A9-831F02841632}"
EndProject
Project("{FAE04EC0-301F-11D3-BF4B-00C04F79EFBC}") = "IndoorWorx.Infrastructure.Silverlight", "..\IndoorWorx.Infrastructure.Silverlight\IndoorWorx.Infrastructure.Silverlight.csproj", "{74DA0835-9E56-474D-A3A9-92D99CDCB3C0}"
EndProject
Project("{FAE04EC0-301F-11D3-BF4B-00C04F79EFBC}") = "IndoorWorx.Silverlight", "..\IndoorWorx.Silverlight\IndoorWorx.Silverlight.csproj", "{9FF17F5F-7433-4C6C-A46D-C1BC01C4EED9}"
	ProjectSection(ProjectDependencies) = postProject
		{3B6E4565-B364-4862-9665-E630C5631D9C} = {3B6E4565-B364-4862-9665-E630C5631D9C}
	EndProjectSection
EndProject
Project("{FAE04EC0-301F-11D3-BF4B-00C04F79EFBC}") = "IndoorWorx.Silverlight.Web", "..\IndoorWorx.Silverlight.Web\IndoorWorx.Silverlight.Web.csproj", "{3B6E4565-B364-4862-9665-E630C5631D9C}"
EndProject
Project("{FAE04EC0-301F-11D3-BF4B-00C04F79EFBC}") = "IndoorWorx.Library.Silverlight", "..\IndoorWorx.Library.Silverlight\IndoorWorx.Library.Silverlight.csproj", "{D244AAA6-79A1-4879-9F49-B41059D1F6DA}"
EndProject
Project("{2150E333-8FDC-42A3-9474-1A3956D46DE8}") = "Modules", "Modules", "{DC0AEFB6-1D17-4A26-BAD7-59E49BBEED34}"
EndProject
Project("{FAE04EC0-301F-11D3-BF4B-00C04F79EFBC}") = "IndoorWorx.UserProfile.Silverlight", "..\IndoorWorx.UserProfile.Silverlight\IndoorWorx.UserProfile.Silverlight.csproj", "{C889B8D2-DB73-417E-B93D-D70218DBCFCB}"
EndProject
Project("{FAE04EC0-301F-11D3-BF4B-00C04F79EFBC}") = "IndoorWorx.Catalog.Silverlight", "..\IndoorWorx.Catalog.Silverlight\IndoorWorx.Catalog.Silverlight.csproj", "{5FC95272-5312-45A6-B2B4-DCE46FB87829}"
EndProject
Project("{2150E333-8FDC-42A3-9474-1A3956D46DE8}") = "Core Libraries", "Core Libraries", "{89FDFE5D-F4F7-4E46-BA0D-5C2109528949}"
EndProject
Project("{2150E333-8FDC-42A3-9474-1A3956D46DE8}") = "Core Libraries", "Core Libraries", "{EA11EEC7-6BCF-4E41-8E59-A3D6F8CFBD68}"
EndProject
Project("{2150E333-8FDC-42A3-9474-1A3956D46DE8}") = "Modules", "Modules", "{D609981E-F1E7-4E1A-A178-BDB29E559242}"
EndProject
Project("{2150E333-8FDC-42A3-9474-1A3956D46DE8}") = "Computrainer", "Computrainer", "{B08B6718-300B-4E33-8121-649832787697}"
EndProject
Project("{2150E333-8FDC-42A3-9474-1A3956D46DE8}") = "Catalog", "Catalog", "{EBE68532-335D-40BE-BBA5-A86E3F3E2D7D}"
EndProject
Project("{FAE04EC0-301F-11D3-BF4B-00C04F79EFBC}") = "IndoorWorx.Catalog", "..\IndoorWorx.Catalog\IndoorWorx.Catalog.csproj", "{EFB2B27B-411E-4382-83FF-12A84F5AC021}"
EndProject
Project("{FAE04EC0-301F-11D3-BF4B-00C04F79EFBC}") = "IndoorWorx.NHibernate", "..\IndoorWorx.NHibernate\IndoorWorx.NHibernate.csproj", "{11B702BE-C0C0-4F83-9ECB-928235ED0C0F}"
EndProject
Global
	GlobalSection(SolutionConfigurationPlatforms) = preSolution
		Debug|Any CPU = Debug|Any CPU
		Release|Any CPU = Release|Any CPU
	EndGlobalSection
	GlobalSection(ProjectConfigurationPlatforms) = postSolution
		{DF3B24C9-443A-42C6-84AE-8C796C091498}.Debug|Any CPU.ActiveCfg = Debug|Any CPU
		{DF3B24C9-443A-42C6-84AE-8C796C091498}.Debug|Any CPU.Build.0 = Debug|Any CPU
		{DF3B24C9-443A-42C6-84AE-8C796C091498}.Release|Any CPU.ActiveCfg = Release|Any CPU
		{DF3B24C9-443A-42C6-84AE-8C796C091498}.Release|Any CPU.Build.0 = Release|Any CPU
		{FDA01ECD-B9D6-424F-A1A9-831F02841632}.Debug|Any CPU.ActiveCfg = Debug|Any CPU
		{FDA01ECD-B9D6-424F-A1A9-831F02841632}.Debug|Any CPU.Build.0 = Debug|Any CPU
		{FDA01ECD-B9D6-424F-A1A9-831F02841632}.Release|Any CPU.ActiveCfg = Release|Any CPU
		{FDA01ECD-B9D6-424F-A1A9-831F02841632}.Release|Any CPU.Build.0 = Release|Any CPU
		{74DA0835-9E56-474D-A3A9-92D99CDCB3C0}.Debug|Any CPU.ActiveCfg = Debug|Any CPU
		{74DA0835-9E56-474D-A3A9-92D99CDCB3C0}.Debug|Any CPU.Build.0 = Debug|Any CPU
		{74DA0835-9E56-474D-A3A9-92D99CDCB3C0}.Release|Any CPU.ActiveCfg = Release|Any CPU
		{74DA0835-9E56-474D-A3A9-92D99CDCB3C0}.Release|Any CPU.Build.0 = Release|Any CPU
		{9FF17F5F-7433-4C6C-A46D-C1BC01C4EED9}.Debug|Any CPU.ActiveCfg = Debug|Any CPU
		{9FF17F5F-7433-4C6C-A46D-C1BC01C4EED9}.Debug|Any CPU.Build.0 = Debug|Any CPU
		{9FF17F5F-7433-4C6C-A46D-C1BC01C4EED9}.Release|Any CPU.ActiveCfg = Release|Any CPU
		{9FF17F5F-7433-4C6C-A46D-C1BC01C4EED9}.Release|Any CPU.Build.0 = Release|Any CPU
		{3B6E4565-B364-4862-9665-E630C5631D9C}.Debug|Any CPU.ActiveCfg = Debug|Any CPU
		{3B6E4565-B364-4862-9665-E630C5631D9C}.Debug|Any CPU.Build.0 = Debug|Any CPU
		{3B6E4565-B364-4862-9665-E630C5631D9C}.Release|Any CPU.ActiveCfg = Release|Any CPU
		{3B6E4565-B364-4862-9665-E630C5631D9C}.Release|Any CPU.Build.0 = Release|Any CPU
		{D244AAA6-79A1-4879-9F49-B41059D1F6DA}.Debug|Any CPU.ActiveCfg = Debug|Any CPU
		{D244AAA6-79A1-4879-9F49-B41059D1F6DA}.Debug|Any CPU.Build.0 = Debug|Any CPU
		{D244AAA6-79A1-4879-9F49-B41059D1F6DA}.Release|Any CPU.ActiveCfg = Release|Any CPU
		{D244AAA6-79A1-4879-9F49-B41059D1F6DA}.Release|Any CPU.Build.0 = Release|Any CPU
		{C889B8D2-DB73-417E-B93D-D70218DBCFCB}.Debug|Any CPU.ActiveCfg = Debug|Any CPU
		{C889B8D2-DB73-417E-B93D-D70218DBCFCB}.Debug|Any CPU.Build.0 = Debug|Any CPU
		{C889B8D2-DB73-417E-B93D-D70218DBCFCB}.Release|Any CPU.ActiveCfg = Release|Any CPU
		{C889B8D2-DB73-417E-B93D-D70218DBCFCB}.Release|Any CPU.Build.0 = Release|Any CPU
		{5FC95272-5312-45A6-B2B4-DCE46FB87829}.Debug|Any CPU.ActiveCfg = Debug|Any CPU
		{5FC95272-5312-45A6-B2B4-DCE46FB87829}.Debug|Any CPU.Build.0 = Debug|Any CPU
		{5FC95272-5312-45A6-B2B4-DCE46FB87829}.Release|Any CPU.ActiveCfg = Release|Any CPU
		{5FC95272-5312-45A6-B2B4-DCE46FB87829}.Release|Any CPU.Build.0 = Release|Any CPU
		{EFB2B27B-411E-4382-83FF-12A84F5AC021}.Debug|Any CPU.ActiveCfg = Debug|Any CPU
		{EFB2B27B-411E-4382-83FF-12A84F5AC021}.Debug|Any CPU.Build.0 = Debug|Any CPU
		{EFB2B27B-411E-4382-83FF-12A84F5AC021}.Release|Any CPU.ActiveCfg = Release|Any CPU
		{EFB2B27B-411E-4382-83FF-12A84F5AC021}.Release|Any CPU.Build.0 = Release|Any CPU
		{11B702BE-C0C0-4F83-9ECB-928235ED0C0F}.Debug|Any CPU.ActiveCfg = Debug|Any CPU
		{11B702BE-C0C0-4F83-9ECB-928235ED0C0F}.Debug|Any CPU.Build.0 = Debug|Any CPU
		{11B702BE-C0C0-4F83-9ECB-928235ED0C0F}.Release|Any CPU.ActiveCfg = Release|Any CPU
		{11B702BE-C0C0-4F83-9ECB-928235ED0C0F}.Release|Any CPU.Build.0 = Release|Any CPU
	EndGlobalSection
	GlobalSection(SolutionProperties) = preSolution
		HideSolutionNode = FALSE
	EndGlobalSection
	GlobalSection(NestedProjects) = preSolution
		{EA11EEC7-6BCF-4E41-8E59-A3D6F8CFBD68} = {6509D8EC-4953-4E72-9B3A-710165B58362}
		{D609981E-F1E7-4E1A-A178-BDB29E559242} = {6509D8EC-4953-4E72-9B3A-710165B58362}
		{89FDFE5D-F4F7-4E46-BA0D-5C2109528949} = {07A54CE4-CDC7-4800-83E8-2FA9E6B35A3E}
		{3B6E4565-B364-4862-9665-E630C5631D9C} = {07A54CE4-CDC7-4800-83E8-2FA9E6B35A3E}
		{DC0AEFB6-1D17-4A26-BAD7-59E49BBEED34} = {07A54CE4-CDC7-4800-83E8-2FA9E6B35A3E}
		{9FF17F5F-7433-4C6C-A46D-C1BC01C4EED9} = {89FDFE5D-F4F7-4E46-BA0D-5C2109528949}
		{D244AAA6-79A1-4879-9F49-B41059D1F6DA} = {89FDFE5D-F4F7-4E46-BA0D-5C2109528949}
		{74DA0835-9E56-474D-A3A9-92D99CDCB3C0} = {89FDFE5D-F4F7-4E46-BA0D-5C2109528949}
		{C889B8D2-DB73-417E-B93D-D70218DBCFCB} = {DC0AEFB6-1D17-4A26-BAD7-59E49BBEED34}
		{5FC95272-5312-45A6-B2B4-DCE46FB87829} = {DC0AEFB6-1D17-4A26-BAD7-59E49BBEED34}
		{DF3B24C9-443A-42C6-84AE-8C796C091498} = {EA11EEC7-6BCF-4E41-8E59-A3D6F8CFBD68}
		{11B702BE-C0C0-4F83-9ECB-928235ED0C0F} = {EA11EEC7-6BCF-4E41-8E59-A3D6F8CFBD68}
		{B08B6718-300B-4E33-8121-649832787697} = {D609981E-F1E7-4E1A-A178-BDB29E559242}
		{EBE68532-335D-40BE-BBA5-A86E3F3E2D7D} = {D609981E-F1E7-4E1A-A178-BDB29E559242}
		{FDA01ECD-B9D6-424F-A1A9-831F02841632} = {B08B6718-300B-4E33-8121-649832787697}
		{EFB2B27B-411E-4382-83FF-12A84F5AC021} = {EBE68532-335D-40BE-BBA5-A86E3F3E2D7D}
	EndGlobalSection
EndGlobal
