
Microsoft Visual Studio Solution File, Format Version 11.00
# Visual Studio 2010
Project("{FAE04EC0-301F-11D3-BF4B-00C04F79EFBC}") = "IndoorWorx.Infrastructure", "IndoorWorx.Infrastructure.csproj", "{DF3B24C9-443A-42C6-84AE-8C796C091498}"
EndProject
Project("{2150E333-8FDC-42A3-9474-1A3956D46DE8}") = "Default", "Default", "{6509D8EC-4953-4E72-9B3A-710165B58362}"
EndProject
Project("{2150E333-8FDC-42A3-9474-1A3956D46DE8}") = "Silverlight", "Silverlight", "{07A54CE4-CDC7-4800-83E8-2FA9E6B35A3E}"
EndProject
Project("{FAE04EC0-301F-11D3-BF4B-00C04F79EFBC}") = "IndoorWorx.Computrainer", "..\IndoorWorx.Computrainer\IndoorWorx.Computrainer.csproj", "{FDA01ECD-B9D6-424F-A1A9-831F02841632}"
EndProject
Project("{FAE04EC0-301F-11D3-BF4B-00C04F79EFBC}") = "IndoorWorx.Infrastructure.Silverlight", "..\IndoorWorx.Infrastructure.Silverlight\IndoorWorx.Infrastructure.Silverlight.csproj", "{74DA0835-9E56-474D-A3A9-92D99CDCB3C0}"
EndProject
Project("{FAE04EC0-301F-11D3-BF4B-00C04F79EFBC}") = "IndoorWorx.Silverlight", "..\IndoorWorx.Silverlight\IndoorWorx.Silverlight.csproj", "{9FF17F5F-7433-4C6C-A46D-C1BC01C4EED9}"
	ProjectSection(ProjectDependencies) = postProject
		{3B6E4565-B364-4862-9665-E630C5631D9C} = {3B6E4565-B364-4862-9665-E630C5631D9C}
	EndProjectSection
EndProject
Project("{FAE04EC0-301F-11D3-BF4B-00C04F79EFBC}") = "IndoorWorx.Silverlight.Web", "..\IndoorWorx.Silverlight.Web\IndoorWorx.Silverlight.Web.csproj", "{3B6E4565-B364-4862-9665-E630C5631D9C}"
EndProject
Project("{FAE04EC0-301F-11D3-BF4B-00C04F79EFBC}") = "IndoorWorx.Library.Silverlight", "..\IndoorWorx.Library.Silverlight\IndoorWorx.Library.Silverlight.csproj", "{D244AAA6-79A1-4879-9F49-B41059D1F6DA}"
	ProjectSection(ProjectDependencies) = postProject
		{3B6E4565-B364-4862-9665-E630C5631D9C} = {3B6E4565-B364-4862-9665-E630C5631D9C}
	EndProjectSection
EndProject
Project("{2150E333-8FDC-42A3-9474-1A3956D46DE8}") = "Modules", "Modules", "{DC0AEFB6-1D17-4A26-BAD7-59E49BBEED34}"
EndProject
Project("{FAE04EC0-301F-11D3-BF4B-00C04F79EFBC}") = "IndoorWorx.Catalog.Silverlight", "..\IndoorWorx.Catalog.Silverlight\IndoorWorx.Catalog.Silverlight.csproj", "{5FC95272-5312-45A6-B2B4-DCE46FB87829}"
EndProject
Project("{2150E333-8FDC-42A3-9474-1A3956D46DE8}") = "Core Libraries", "Core Libraries", "{89FDFE5D-F4F7-4E46-BA0D-5C2109528949}"
EndProject
Project("{2150E333-8FDC-42A3-9474-1A3956D46DE8}") = "Core Libraries", "Core Libraries", "{EA11EEC7-6BCF-4E41-8E59-A3D6F8CFBD68}"
EndProject
Project("{2150E333-8FDC-42A3-9474-1A3956D46DE8}") = "Modules", "Modules", "{D609981E-F1E7-4E1A-A178-BDB29E559242}"
EndProject
Project("{2150E333-8FDC-42A3-9474-1A3956D46DE8}") = "Computrainer", "Computrainer", "{B08B6718-300B-4E33-8121-649832787697}"
EndProject
Project("{2150E333-8FDC-42A3-9474-1A3956D46DE8}") = "Catalog", "Catalog", "{EBE68532-335D-40BE-BBA5-A86E3F3E2D7D}"
EndProject
Project("{FAE04EC0-301F-11D3-BF4B-00C04F79EFBC}") = "IndoorWorx.Catalog", "..\IndoorWorx.Catalog\IndoorWorx.Catalog.csproj", "{EFB2B27B-411E-4382-83FF-12A84F5AC021}"
EndProject
Project("{FAE04EC0-301F-11D3-BF4B-00C04F79EFBC}") = "IndoorWorx.NHibernate", "..\IndoorWorx.NHibernate\IndoorWorx.NHibernate.csproj", "{11B702BE-C0C0-4F83-9ECB-928235ED0C0F}"
EndProject
Project("{FAE04EC0-301F-11D3-BF4B-00C04F79EFBC}") = "IndoorWorx.Tests", "..\IndoorWorx.Tests\IndoorWorx.Tests.csproj", "{7B464290-951C-442C-BBCC-2C53412E02C7}"
EndProject
Project("{2150E333-8FDC-42A3-9474-1A3956D46DE8}") = "Solution Items", "Solution Items", "{21076721-6098-4561-8DEA-47925B8FB4B7}"
	ProjectSection(SolutionItems) = preProject
		IndoorWorx.vsmdi = IndoorWorx.vsmdi
		Local.testsettings = Local.testsettings
		TraceAndTestImpact.testsettings = TraceAndTestImpact.testsettings
	EndProjectSection
EndProject
Project("{FAE04EC0-301F-11D3-BF4B-00C04F79EFBC}") = "IndoorWorx.SchemaTools", "..\IndoorWorx.SchemaTools\IndoorWorx.SchemaTools.csproj", "{C71D0E51-1792-442B-ADEE-B4CD8BEFA69E}"
EndProject
Project("{FAE04EC0-301F-11D3-BF4B-00C04F79EFBC}") = "IndoorWorx.Library", "..\IndoorWorx.Library\IndoorWorx.Library.csproj", "{C8468E7F-C6B0-40A9-BE81-F2EC34DC7772}"
EndProject
Project("{FAE04EC0-301F-11D3-BF4B-00C04F79EFBC}") = "IndoorWorx.Designer.Silverlight", "..\IndoorWorx.Designer.Silverlight\IndoorWorx.Designer.Silverlight.csproj", "{D2C72190-3E51-48F0-9FC5-B103A2AA11BA}"
EndProject
Project("{FAE04EC0-301F-11D3-BF4B-00C04F79EFBC}") = "IndoorWorx.Player.Silverlight", "..\IndoorWorx.Player.Silverlight\IndoorWorx.Player.Silverlight.csproj", "{2A773D39-8E6B-4952-9EFE-E3891F5C3987}"
EndProject
Project("{FAE04EC0-301F-11D3-BF4B-00C04F79EFBC}") = "IndoorWorx.4me.Silverlight", "..\IndoorWorx.4me.Silverlight\IndoorWorx.4me.Silverlight.csproj", "{99FF852F-7293-434E-85C5-170FEE16443D}"
EndProject
Project("{FAE04EC0-301F-11D3-BF4B-00C04F79EFBC}") = "IndoorWorx.4studios.Silverlight", "..\IndoorWorx.4studios.Silverlight\IndoorWorx.4studios.Silverlight.csproj", "{90D53DE7-AB66-46D5-9BE9-1E4A629203F0}"
EndProject
Project("{FAE04EC0-301F-11D3-BF4B-00C04F79EFBC}") = "IndoorWorx.4coaches.Silverlight", "..\IndoorWorx.4coaches.Silverlight\IndoorWorx.4coaches.Silverlight.csproj", "{EABF5770-AE15-4D71-ABC7-37DE6778A016}"
EndProject
Project("{2150E333-8FDC-42A3-9474-1A3956D46DE8}") = "Tests", "Tests", "{767053F1-1899-487E-A7B9-79F0D5CA8F04}"
EndProject
Project("{FAE04EC0-301F-11D3-BF4B-00C04F79EFBC}") = "IndoorWorx.Silverlight.Tests", "..\IndoorWorx.Silverlight.Tests\IndoorWorx.Silverlight.Tests.csproj", "{4F723095-72A5-41FA-99E2-7CA6B4B7D414}"
EndProject
Project("{FAE04EC0-301F-11D3-BF4B-00C04F79EFBC}") = "IndoorWorx.Dashboard.Silverlight", "..\IndoorWorx.Dashboard.Silverlight\IndoorWorx.Dashboard.Silverlight.csproj", "{C8D550A5-748A-4270-BB32-5D04C8CD5A42}"
EndProject
Project("{FAE04EC0-301F-11D3-BF4B-00C04F79EFBC}") = "IndoorWorx.MockRepositories", "..\IndoorWorx.MockRepositories\IndoorWorx.MockRepositories.csproj", "{2A1D2600-E3DB-4096-B043-276895CCA3F1}"
EndProject
Global
	GlobalSection(TestCaseManagementSettings) = postSolution
		CategoryFile = IndoorWorx.vsmdi
	EndGlobalSection
	GlobalSection(SolutionConfigurationPlatforms) = preSolution
		Debug|Any CPU = Debug|Any CPU
		Debug|Mixed Platforms = Debug|Mixed Platforms
		Debug|x86 = Debug|x86
		Release|Any CPU = Release|Any CPU
		Release|Mixed Platforms = Release|Mixed Platforms
		Release|x86 = Release|x86
	EndGlobalSection
	GlobalSection(ProjectConfigurationPlatforms) = postSolution
		{DF3B24C9-443A-42C6-84AE-8C796C091498}.Debug|Any CPU.ActiveCfg = Debug|Any CPU
		{DF3B24C9-443A-42C6-84AE-8C796C091498}.Debug|Any CPU.Build.0 = Debug|Any CPU
		{DF3B24C9-443A-42C6-84AE-8C796C091498}.Debug|Mixed Platforms.ActiveCfg = Debug|Any CPU
		{DF3B24C9-443A-42C6-84AE-8C796C091498}.Debug|Mixed Platforms.Build.0 = Debug|Any CPU
		{DF3B24C9-443A-42C6-84AE-8C796C091498}.Debug|x86.ActiveCfg = Debug|Any CPU
		{DF3B24C9-443A-42C6-84AE-8C796C091498}.Release|Any CPU.ActiveCfg = Release|Any CPU
		{DF3B24C9-443A-42C6-84AE-8C796C091498}.Release|Any CPU.Build.0 = Release|Any CPU
		{DF3B24C9-443A-42C6-84AE-8C796C091498}.Release|Mixed Platforms.ActiveCfg = Release|Any CPU
		{DF3B24C9-443A-42C6-84AE-8C796C091498}.Release|Mixed Platforms.Build.0 = Release|Any CPU
		{DF3B24C9-443A-42C6-84AE-8C796C091498}.Release|x86.ActiveCfg = Release|Any CPU
		{FDA01ECD-B9D6-424F-A1A9-831F02841632}.Debug|Any CPU.ActiveCfg = Debug|Any CPU
		{FDA01ECD-B9D6-424F-A1A9-831F02841632}.Debug|Any CPU.Build.0 = Debug|Any CPU
		{FDA01ECD-B9D6-424F-A1A9-831F02841632}.Debug|Mixed Platforms.ActiveCfg = Debug|Any CPU
		{FDA01ECD-B9D6-424F-A1A9-831F02841632}.Debug|Mixed Platforms.Build.0 = Debug|Any CPU
		{FDA01ECD-B9D6-424F-A1A9-831F02841632}.Debug|x86.ActiveCfg = Debug|Any CPU
		{FDA01ECD-B9D6-424F-A1A9-831F02841632}.Release|Any CPU.ActiveCfg = Release|Any CPU
		{FDA01ECD-B9D6-424F-A1A9-831F02841632}.Release|Any CPU.Build.0 = Release|Any CPU
		{FDA01ECD-B9D6-424F-A1A9-831F02841632}.Release|Mixed Platforms.ActiveCfg = Release|Any CPU
		{FDA01ECD-B9D6-424F-A1A9-831F02841632}.Release|Mixed Platforms.Build.0 = Release|Any CPU
		{FDA01ECD-B9D6-424F-A1A9-831F02841632}.Release|x86.ActiveCfg = Release|Any CPU
		{74DA0835-9E56-474D-A3A9-92D99CDCB3C0}.Debug|Any CPU.ActiveCfg = Debug|Any CPU
		{74DA0835-9E56-474D-A3A9-92D99CDCB3C0}.Debug|Any CPU.Build.0 = Debug|Any CPU
		{74DA0835-9E56-474D-A3A9-92D99CDCB3C0}.Debug|Mixed Platforms.ActiveCfg = Debug|Any CPU
		{74DA0835-9E56-474D-A3A9-92D99CDCB3C0}.Debug|Mixed Platforms.Build.0 = Debug|Any CPU
		{74DA0835-9E56-474D-A3A9-92D99CDCB3C0}.Debug|x86.ActiveCfg = Debug|Any CPU
		{74DA0835-9E56-474D-A3A9-92D99CDCB3C0}.Release|Any CPU.ActiveCfg = Release|Any CPU
		{74DA0835-9E56-474D-A3A9-92D99CDCB3C0}.Release|Any CPU.Build.0 = Release|Any CPU
		{74DA0835-9E56-474D-A3A9-92D99CDCB3C0}.Release|Mixed Platforms.ActiveCfg = Release|Any CPU
		{74DA0835-9E56-474D-A3A9-92D99CDCB3C0}.Release|Mixed Platforms.Build.0 = Release|Any CPU
		{74DA0835-9E56-474D-A3A9-92D99CDCB3C0}.Release|x86.ActiveCfg = Release|Any CPU
		{9FF17F5F-7433-4C6C-A46D-C1BC01C4EED9}.Debug|Any CPU.ActiveCfg = Debug|Any CPU
		{9FF17F5F-7433-4C6C-A46D-C1BC01C4EED9}.Debug|Any CPU.Build.0 = Debug|Any CPU
		{9FF17F5F-7433-4C6C-A46D-C1BC01C4EED9}.Debug|Mixed Platforms.ActiveCfg = Debug|Any CPU
		{9FF17F5F-7433-4C6C-A46D-C1BC01C4EED9}.Debug|Mixed Platforms.Build.0 = Debug|Any CPU
		{9FF17F5F-7433-4C6C-A46D-C1BC01C4EED9}.Debug|x86.ActiveCfg = Debug|Any CPU
		{9FF17F5F-7433-4C6C-A46D-C1BC01C4EED9}.Release|Any CPU.ActiveCfg = Release|Any CPU
		{9FF17F5F-7433-4C6C-A46D-C1BC01C4EED9}.Release|Any CPU.Build.0 = Release|Any CPU
		{9FF17F5F-7433-4C6C-A46D-C1BC01C4EED9}.Release|Mixed Platforms.ActiveCfg = Release|Any CPU
		{9FF17F5F-7433-4C6C-A46D-C1BC01C4EED9}.Release|Mixed Platforms.Build.0 = Release|Any CPU
		{9FF17F5F-7433-4C6C-A46D-C1BC01C4EED9}.Release|x86.ActiveCfg = Release|Any CPU
		{3B6E4565-B364-4862-9665-E630C5631D9C}.Debug|Any CPU.ActiveCfg = Debug|Any CPU
		{3B6E4565-B364-4862-9665-E630C5631D9C}.Debug|Any CPU.Build.0 = Debug|Any CPU
		{3B6E4565-B364-4862-9665-E630C5631D9C}.Debug|Mixed Platforms.ActiveCfg = Debug|Any CPU
		{3B6E4565-B364-4862-9665-E630C5631D9C}.Debug|Mixed Platforms.Build.0 = Debug|Any CPU
		{3B6E4565-B364-4862-9665-E630C5631D9C}.Debug|x86.ActiveCfg = Debug|Any CPU
		{3B6E4565-B364-4862-9665-E630C5631D9C}.Release|Any CPU.ActiveCfg = Release|Any CPU
		{3B6E4565-B364-4862-9665-E630C5631D9C}.Release|Any CPU.Build.0 = Release|Any CPU
		{3B6E4565-B364-4862-9665-E630C5631D9C}.Release|Mixed Platforms.ActiveCfg = Release|Any CPU
		{3B6E4565-B364-4862-9665-E630C5631D9C}.Release|Mixed Platforms.Build.0 = Release|Any CPU
		{3B6E4565-B364-4862-9665-E630C5631D9C}.Release|x86.ActiveCfg = Release|Any CPU
		{D244AAA6-79A1-4879-9F49-B41059D1F6DA}.Debug|Any CPU.ActiveCfg = Debug|Any CPU
		{D244AAA6-79A1-4879-9F49-B41059D1F6DA}.Debug|Any CPU.Build.0 = Debug|Any CPU
		{D244AAA6-79A1-4879-9F49-B41059D1F6DA}.Debug|Mixed Platforms.ActiveCfg = Debug|Any CPU
		{D244AAA6-79A1-4879-9F49-B41059D1F6DA}.Debug|Mixed Platforms.Build.0 = Debug|Any CPU
		{D244AAA6-79A1-4879-9F49-B41059D1F6DA}.Debug|x86.ActiveCfg = Debug|Any CPU
		{D244AAA6-79A1-4879-9F49-B41059D1F6DA}.Release|Any CPU.ActiveCfg = Release|Any CPU
		{D244AAA6-79A1-4879-9F49-B41059D1F6DA}.Release|Any CPU.Build.0 = Release|Any CPU
		{D244AAA6-79A1-4879-9F49-B41059D1F6DA}.Release|Mixed Platforms.ActiveCfg = Release|Any CPU
		{D244AAA6-79A1-4879-9F49-B41059D1F6DA}.Release|Mixed Platforms.Build.0 = Release|Any CPU
		{D244AAA6-79A1-4879-9F49-B41059D1F6DA}.Release|x86.ActiveCfg = Release|Any CPU
		{5FC95272-5312-45A6-B2B4-DCE46FB87829}.Debug|Any CPU.ActiveCfg = Debug|Any CPU
		{5FC95272-5312-45A6-B2B4-DCE46FB87829}.Debug|Any CPU.Build.0 = Debug|Any CPU
		{5FC95272-5312-45A6-B2B4-DCE46FB87829}.Debug|Mixed Platforms.ActiveCfg = Debug|Any CPU
		{5FC95272-5312-45A6-B2B4-DCE46FB87829}.Debug|Mixed Platforms.Build.0 = Debug|Any CPU
		{5FC95272-5312-45A6-B2B4-DCE46FB87829}.Debug|x86.ActiveCfg = Debug|Any CPU
		{5FC95272-5312-45A6-B2B4-DCE46FB87829}.Release|Any CPU.ActiveCfg = Release|Any CPU
		{5FC95272-5312-45A6-B2B4-DCE46FB87829}.Release|Any CPU.Build.0 = Release|Any CPU
		{5FC95272-5312-45A6-B2B4-DCE46FB87829}.Release|Mixed Platforms.ActiveCfg = Release|Any CPU
		{5FC95272-5312-45A6-B2B4-DCE46FB87829}.Release|Mixed Platforms.Build.0 = Release|Any CPU
		{5FC95272-5312-45A6-B2B4-DCE46FB87829}.Release|x86.ActiveCfg = Release|Any CPU
		{EFB2B27B-411E-4382-83FF-12A84F5AC021}.Debug|Any CPU.ActiveCfg = Debug|Any CPU
		{EFB2B27B-411E-4382-83FF-12A84F5AC021}.Debug|Any CPU.Build.0 = Debug|Any CPU
		{EFB2B27B-411E-4382-83FF-12A84F5AC021}.Debug|Mixed Platforms.ActiveCfg = Debug|Any CPU
		{EFB2B27B-411E-4382-83FF-12A84F5AC021}.Debug|Mixed Platforms.Build.0 = Debug|Any CPU
		{EFB2B27B-411E-4382-83FF-12A84F5AC021}.Debug|x86.ActiveCfg = Debug|Any CPU
		{EFB2B27B-411E-4382-83FF-12A84F5AC021}.Release|Any CPU.ActiveCfg = Release|Any CPU
		{EFB2B27B-411E-4382-83FF-12A84F5AC021}.Release|Any CPU.Build.0 = Release|Any CPU
		{EFB2B27B-411E-4382-83FF-12A84F5AC021}.Release|Mixed Platforms.ActiveCfg = Release|Any CPU
		{EFB2B27B-411E-4382-83FF-12A84F5AC021}.Release|Mixed Platforms.Build.0 = Release|Any CPU
		{EFB2B27B-411E-4382-83FF-12A84F5AC021}.Release|x86.ActiveCfg = Release|Any CPU
		{11B702BE-C0C0-4F83-9ECB-928235ED0C0F}.Debug|Any CPU.ActiveCfg = Debug|Any CPU
		{11B702BE-C0C0-4F83-9ECB-928235ED0C0F}.Debug|Any CPU.Build.0 = Debug|Any CPU
		{11B702BE-C0C0-4F83-9ECB-928235ED0C0F}.Debug|Mixed Platforms.ActiveCfg = Debug|Any CPU
		{11B702BE-C0C0-4F83-9ECB-928235ED0C0F}.Debug|Mixed Platforms.Build.0 = Debug|Any CPU
		{11B702BE-C0C0-4F83-9ECB-928235ED0C0F}.Debug|x86.ActiveCfg = Debug|Any CPU
		{11B702BE-C0C0-4F83-9ECB-928235ED0C0F}.Release|Any CPU.ActiveCfg = Release|Any CPU
		{11B702BE-C0C0-4F83-9ECB-928235ED0C0F}.Release|Any CPU.Build.0 = Release|Any CPU
		{11B702BE-C0C0-4F83-9ECB-928235ED0C0F}.Release|Mixed Platforms.ActiveCfg = Release|Any CPU
		{11B702BE-C0C0-4F83-9ECB-928235ED0C0F}.Release|Mixed Platforms.Build.0 = Release|Any CPU
		{11B702BE-C0C0-4F83-9ECB-928235ED0C0F}.Release|x86.ActiveCfg = Release|Any CPU
		{7B464290-951C-442C-BBCC-2C53412E02C7}.Debug|Any CPU.ActiveCfg = Debug|Any CPU
		{7B464290-951C-442C-BBCC-2C53412E02C7}.Debug|Any CPU.Build.0 = Debug|Any CPU
		{7B464290-951C-442C-BBCC-2C53412E02C7}.Debug|Mixed Platforms.ActiveCfg = Debug|Any CPU
		{7B464290-951C-442C-BBCC-2C53412E02C7}.Debug|Mixed Platforms.Build.0 = Debug|Any CPU
		{7B464290-951C-442C-BBCC-2C53412E02C7}.Debug|x86.ActiveCfg = Debug|Any CPU
		{7B464290-951C-442C-BBCC-2C53412E02C7}.Release|Any CPU.ActiveCfg = Release|Any CPU
		{7B464290-951C-442C-BBCC-2C53412E02C7}.Release|Any CPU.Build.0 = Release|Any CPU
		{7B464290-951C-442C-BBCC-2C53412E02C7}.Release|Mixed Platforms.ActiveCfg = Release|Any CPU
		{7B464290-951C-442C-BBCC-2C53412E02C7}.Release|Mixed Platforms.Build.0 = Release|Any CPU
		{7B464290-951C-442C-BBCC-2C53412E02C7}.Release|x86.ActiveCfg = Release|Any CPU
		{C71D0E51-1792-442B-ADEE-B4CD8BEFA69E}.Debug|Any CPU.ActiveCfg = Debug|x86
		{C71D0E51-1792-442B-ADEE-B4CD8BEFA69E}.Debug|Mixed Platforms.ActiveCfg = Debug|x86
		{C71D0E51-1792-442B-ADEE-B4CD8BEFA69E}.Debug|Mixed Platforms.Build.0 = Debug|x86
		{C71D0E51-1792-442B-ADEE-B4CD8BEFA69E}.Debug|x86.ActiveCfg = Debug|x86
		{C71D0E51-1792-442B-ADEE-B4CD8BEFA69E}.Debug|x86.Build.0 = Debug|x86
		{C71D0E51-1792-442B-ADEE-B4CD8BEFA69E}.Release|Any CPU.ActiveCfg = Release|x86
		{C71D0E51-1792-442B-ADEE-B4CD8BEFA69E}.Release|Mixed Platforms.ActiveCfg = Release|x86
		{C71D0E51-1792-442B-ADEE-B4CD8BEFA69E}.Release|Mixed Platforms.Build.0 = Release|x86
		{C71D0E51-1792-442B-ADEE-B4CD8BEFA69E}.Release|x86.ActiveCfg = Release|x86
		{C71D0E51-1792-442B-ADEE-B4CD8BEFA69E}.Release|x86.Build.0 = Release|x86
		{C8468E7F-C6B0-40A9-BE81-F2EC34DC7772}.Debug|Any CPU.ActiveCfg = Debug|Any CPU
		{C8468E7F-C6B0-40A9-BE81-F2EC34DC7772}.Debug|Any CPU.Build.0 = Debug|Any CPU
		{C8468E7F-C6B0-40A9-BE81-F2EC34DC7772}.Debug|Mixed Platforms.ActiveCfg = Debug|Any CPU
		{C8468E7F-C6B0-40A9-BE81-F2EC34DC7772}.Debug|Mixed Platforms.Build.0 = Debug|Any CPU
		{C8468E7F-C6B0-40A9-BE81-F2EC34DC7772}.Debug|x86.ActiveCfg = Debug|Any CPU
		{C8468E7F-C6B0-40A9-BE81-F2EC34DC7772}.Release|Any CPU.ActiveCfg = Release|Any CPU
		{C8468E7F-C6B0-40A9-BE81-F2EC34DC7772}.Release|Any CPU.Build.0 = Release|Any CPU
		{C8468E7F-C6B0-40A9-BE81-F2EC34DC7772}.Release|Mixed Platforms.ActiveCfg = Release|Any CPU
		{C8468E7F-C6B0-40A9-BE81-F2EC34DC7772}.Release|Mixed Platforms.Build.0 = Release|Any CPU
		{C8468E7F-C6B0-40A9-BE81-F2EC34DC7772}.Release|x86.ActiveCfg = Release|Any CPU
		{D2C72190-3E51-48F0-9FC5-B103A2AA11BA}.Debug|Any CPU.ActiveCfg = Debug|Any CPU
		{D2C72190-3E51-48F0-9FC5-B103A2AA11BA}.Debug|Any CPU.Build.0 = Debug|Any CPU
		{D2C72190-3E51-48F0-9FC5-B103A2AA11BA}.Debug|Mixed Platforms.ActiveCfg = Debug|Any CPU
		{D2C72190-3E51-48F0-9FC5-B103A2AA11BA}.Debug|Mixed Platforms.Build.0 = Debug|Any CPU
		{D2C72190-3E51-48F0-9FC5-B103A2AA11BA}.Debug|x86.ActiveCfg = Debug|Any CPU
		{D2C72190-3E51-48F0-9FC5-B103A2AA11BA}.Release|Any CPU.ActiveCfg = Release|Any CPU
		{D2C72190-3E51-48F0-9FC5-B103A2AA11BA}.Release|Any CPU.Build.0 = Release|Any CPU
		{D2C72190-3E51-48F0-9FC5-B103A2AA11BA}.Release|Mixed Platforms.ActiveCfg = Release|Any CPU
		{D2C72190-3E51-48F0-9FC5-B103A2AA11BA}.Release|Mixed Platforms.Build.0 = Release|Any CPU
		{D2C72190-3E51-48F0-9FC5-B103A2AA11BA}.Release|x86.ActiveCfg = Release|Any CPU
		{2A773D39-8E6B-4952-9EFE-E3891F5C3987}.Debug|Any CPU.ActiveCfg = Debug|Any CPU
		{2A773D39-8E6B-4952-9EFE-E3891F5C3987}.Debug|Any CPU.Build.0 = Debug|Any CPU
		{2A773D39-8E6B-4952-9EFE-E3891F5C3987}.Debug|Mixed Platforms.ActiveCfg = Debug|Any CPU
		{2A773D39-8E6B-4952-9EFE-E3891F5C3987}.Debug|Mixed Platforms.Build.0 = Debug|Any CPU
		{2A773D39-8E6B-4952-9EFE-E3891F5C3987}.Debug|x86.ActiveCfg = Debug|Any CPU
		{2A773D39-8E6B-4952-9EFE-E3891F5C3987}.Release|Any CPU.ActiveCfg = Release|Any CPU
		{2A773D39-8E6B-4952-9EFE-E3891F5C3987}.Release|Any CPU.Build.0 = Release|Any CPU
		{2A773D39-8E6B-4952-9EFE-E3891F5C3987}.Release|Mixed Platforms.ActiveCfg = Release|Any CPU
		{2A773D39-8E6B-4952-9EFE-E3891F5C3987}.Release|Mixed Platforms.Build.0 = Release|Any CPU
		{2A773D39-8E6B-4952-9EFE-E3891F5C3987}.Release|x86.ActiveCfg = Release|Any CPU
		{99FF852F-7293-434E-85C5-170FEE16443D}.Debug|Any CPU.ActiveCfg = Debug|Any CPU
		{99FF852F-7293-434E-85C5-170FEE16443D}.Debug|Any CPU.Build.0 = Debug|Any CPU
		{99FF852F-7293-434E-85C5-170FEE16443D}.Debug|Mixed Platforms.ActiveCfg = Debug|Any CPU
		{99FF852F-7293-434E-85C5-170FEE16443D}.Debug|Mixed Platforms.Build.0 = Debug|Any CPU
		{99FF852F-7293-434E-85C5-170FEE16443D}.Debug|x86.ActiveCfg = Debug|Any CPU
		{99FF852F-7293-434E-85C5-170FEE16443D}.Release|Any CPU.ActiveCfg = Release|Any CPU
		{99FF852F-7293-434E-85C5-170FEE16443D}.Release|Any CPU.Build.0 = Release|Any CPU
		{99FF852F-7293-434E-85C5-170FEE16443D}.Release|Mixed Platforms.ActiveCfg = Release|Any CPU
		{99FF852F-7293-434E-85C5-170FEE16443D}.Release|Mixed Platforms.Build.0 = Release|Any CPU
		{99FF852F-7293-434E-85C5-170FEE16443D}.Release|x86.ActiveCfg = Release|Any CPU
		{90D53DE7-AB66-46D5-9BE9-1E4A629203F0}.Debug|Any CPU.ActiveCfg = Debug|Any CPU
		{90D53DE7-AB66-46D5-9BE9-1E4A629203F0}.Debug|Any CPU.Build.0 = Debug|Any CPU
		{90D53DE7-AB66-46D5-9BE9-1E4A629203F0}.Debug|Mixed Platforms.ActiveCfg = Debug|Any CPU
		{90D53DE7-AB66-46D5-9BE9-1E4A629203F0}.Debug|Mixed Platforms.Build.0 = Debug|Any CPU
		{90D53DE7-AB66-46D5-9BE9-1E4A629203F0}.Debug|x86.ActiveCfg = Debug|Any CPU
		{90D53DE7-AB66-46D5-9BE9-1E4A629203F0}.Release|Any CPU.ActiveCfg = Release|Any CPU
		{90D53DE7-AB66-46D5-9BE9-1E4A629203F0}.Release|Any CPU.Build.0 = Release|Any CPU
		{90D53DE7-AB66-46D5-9BE9-1E4A629203F0}.Release|Mixed Platforms.ActiveCfg = Release|Any CPU
		{90D53DE7-AB66-46D5-9BE9-1E4A629203F0}.Release|Mixed Platforms.Build.0 = Release|Any CPU
		{90D53DE7-AB66-46D5-9BE9-1E4A629203F0}.Release|x86.ActiveCfg = Release|Any CPU
		{EABF5770-AE15-4D71-ABC7-37DE6778A016}.Debug|Any CPU.ActiveCfg = Debug|Any CPU
		{EABF5770-AE15-4D71-ABC7-37DE6778A016}.Debug|Any CPU.Build.0 = Debug|Any CPU
		{EABF5770-AE15-4D71-ABC7-37DE6778A016}.Debug|Mixed Platforms.ActiveCfg = Debug|Any CPU
		{EABF5770-AE15-4D71-ABC7-37DE6778A016}.Debug|Mixed Platforms.Build.0 = Debug|Any CPU
		{EABF5770-AE15-4D71-ABC7-37DE6778A016}.Debug|x86.ActiveCfg = Debug|Any CPU
		{EABF5770-AE15-4D71-ABC7-37DE6778A016}.Release|Any CPU.ActiveCfg = Release|Any CPU
		{EABF5770-AE15-4D71-ABC7-37DE6778A016}.Release|Any CPU.Build.0 = Release|Any CPU
		{EABF5770-AE15-4D71-ABC7-37DE6778A016}.Release|Mixed Platforms.ActiveCfg = Release|Any CPU
		{EABF5770-AE15-4D71-ABC7-37DE6778A016}.Release|Mixed Platforms.Build.0 = Release|Any CPU
		{EABF5770-AE15-4D71-ABC7-37DE6778A016}.Release|x86.ActiveCfg = Release|Any CPU
		{4F723095-72A5-41FA-99E2-7CA6B4B7D414}.Debug|Any CPU.ActiveCfg = Debug|Any CPU
		{4F723095-72A5-41FA-99E2-7CA6B4B7D414}.Debug|Any CPU.Build.0 = Debug|Any CPU
		{4F723095-72A5-41FA-99E2-7CA6B4B7D414}.Debug|Mixed Platforms.ActiveCfg = Debug|Any CPU
		{4F723095-72A5-41FA-99E2-7CA6B4B7D414}.Debug|Mixed Platforms.Build.0 = Debug|Any CPU
		{4F723095-72A5-41FA-99E2-7CA6B4B7D414}.Debug|x86.ActiveCfg = Debug|Any CPU
		{4F723095-72A5-41FA-99E2-7CA6B4B7D414}.Release|Any CPU.ActiveCfg = Release|Any CPU
		{4F723095-72A5-41FA-99E2-7CA6B4B7D414}.Release|Any CPU.Build.0 = Release|Any CPU
		{4F723095-72A5-41FA-99E2-7CA6B4B7D414}.Release|Mixed Platforms.ActiveCfg = Release|Any CPU
		{4F723095-72A5-41FA-99E2-7CA6B4B7D414}.Release|Mixed Platforms.Build.0 = Release|Any CPU
		{4F723095-72A5-41FA-99E2-7CA6B4B7D414}.Release|x86.ActiveCfg = Release|Any CPU
		{C8D550A5-748A-4270-BB32-5D04C8CD5A42}.Debug|Any CPU.ActiveCfg = Debug|Any CPU
		{C8D550A5-748A-4270-BB32-5D04C8CD5A42}.Debug|Any CPU.Build.0 = Debug|Any CPU
		{C8D550A5-748A-4270-BB32-5D04C8CD5A42}.Debug|Mixed Platforms.ActiveCfg = Debug|Any CPU
		{C8D550A5-748A-4270-BB32-5D04C8CD5A42}.Debug|Mixed Platforms.Build.0 = Debug|Any CPU
		{C8D550A5-748A-4270-BB32-5D04C8CD5A42}.Debug|x86.ActiveCfg = Debug|Any CPU
		{C8D550A5-748A-4270-BB32-5D04C8CD5A42}.Release|Any CPU.ActiveCfg = Release|Any CPU
		{C8D550A5-748A-4270-BB32-5D04C8CD5A42}.Release|Any CPU.Build.0 = Release|Any CPU
		{C8D550A5-748A-4270-BB32-5D04C8CD5A42}.Release|Mixed Platforms.ActiveCfg = Release|Any CPU
		{C8D550A5-748A-4270-BB32-5D04C8CD5A42}.Release|Mixed Platforms.Build.0 = Release|Any CPU
		{C8D550A5-748A-4270-BB32-5D04C8CD5A42}.Release|x86.ActiveCfg = Release|Any CPU
		{2A1D2600-E3DB-4096-B043-276895CCA3F1}.Debug|Any CPU.ActiveCfg = Debug|Any CPU
		{2A1D2600-E3DB-4096-B043-276895CCA3F1}.Debug|Any CPU.Build.0 = Debug|Any CPU
		{2A1D2600-E3DB-4096-B043-276895CCA3F1}.Debug|Mixed Platforms.ActiveCfg = Debug|Any CPU
		{2A1D2600-E3DB-4096-B043-276895CCA3F1}.Debug|Mixed Platforms.Build.0 = Debug|Any CPU
		{2A1D2600-E3DB-4096-B043-276895CCA3F1}.Debug|x86.ActiveCfg = Debug|Any CPU
		{2A1D2600-E3DB-4096-B043-276895CCA3F1}.Release|Any CPU.ActiveCfg = Release|Any CPU
		{2A1D2600-E3DB-4096-B043-276895CCA3F1}.Release|Any CPU.Build.0 = Release|Any CPU
		{2A1D2600-E3DB-4096-B043-276895CCA3F1}.Release|Mixed Platforms.ActiveCfg = Release|Any CPU
		{2A1D2600-E3DB-4096-B043-276895CCA3F1}.Release|Mixed Platforms.Build.0 = Release|Any CPU
		{2A1D2600-E3DB-4096-B043-276895CCA3F1}.Release|x86.ActiveCfg = Release|Any CPU
	EndGlobalSection
	GlobalSection(SolutionProperties) = preSolution
		HideSolutionNode = FALSE
	EndGlobalSection
	GlobalSection(NestedProjects) = preSolution
		{EA11EEC7-6BCF-4E41-8E59-A3D6F8CFBD68} = {6509D8EC-4953-4E72-9B3A-710165B58362}
		{D609981E-F1E7-4E1A-A178-BDB29E559242} = {6509D8EC-4953-4E72-9B3A-710165B58362}
		{DF3B24C9-443A-42C6-84AE-8C796C091498} = {EA11EEC7-6BCF-4E41-8E59-A3D6F8CFBD68}
		{11B702BE-C0C0-4F83-9ECB-928235ED0C0F} = {EA11EEC7-6BCF-4E41-8E59-A3D6F8CFBD68}
		{7B464290-951C-442C-BBCC-2C53412E02C7} = {EA11EEC7-6BCF-4E41-8E59-A3D6F8CFBD68}
		{21076721-6098-4561-8DEA-47925B8FB4B7} = {EA11EEC7-6BCF-4E41-8E59-A3D6F8CFBD68}
		{C71D0E51-1792-442B-ADEE-B4CD8BEFA69E} = {EA11EEC7-6BCF-4E41-8E59-A3D6F8CFBD68}
		{C8468E7F-C6B0-40A9-BE81-F2EC34DC7772} = {EA11EEC7-6BCF-4E41-8E59-A3D6F8CFBD68}
		{2A1D2600-E3DB-4096-B043-276895CCA3F1} = {EA11EEC7-6BCF-4E41-8E59-A3D6F8CFBD68}
		{89FDFE5D-F4F7-4E46-BA0D-5C2109528949} = {07A54CE4-CDC7-4800-83E8-2FA9E6B35A3E}
		{DC0AEFB6-1D17-4A26-BAD7-59E49BBEED34} = {07A54CE4-CDC7-4800-83E8-2FA9E6B35A3E}
		{B08B6718-300B-4E33-8121-649832787697} = {D609981E-F1E7-4E1A-A178-BDB29E559242}
		{EBE68532-335D-40BE-BBA5-A86E3F3E2D7D} = {D609981E-F1E7-4E1A-A178-BDB29E559242}
		{9FF17F5F-7433-4C6C-A46D-C1BC01C4EED9} = {89FDFE5D-F4F7-4E46-BA0D-5C2109528949}
		{D244AAA6-79A1-4879-9F49-B41059D1F6DA} = {89FDFE5D-F4F7-4E46-BA0D-5C2109528949}
		{74DA0835-9E56-474D-A3A9-92D99CDCB3C0} = {89FDFE5D-F4F7-4E46-BA0D-5C2109528949}
		{5FC95272-5312-45A6-B2B4-DCE46FB87829} = {DC0AEFB6-1D17-4A26-BAD7-59E49BBEED34}
		{D2C72190-3E51-48F0-9FC5-B103A2AA11BA} = {DC0AEFB6-1D17-4A26-BAD7-59E49BBEED34}
		{2A773D39-8E6B-4952-9EFE-E3891F5C3987} = {DC0AEFB6-1D17-4A26-BAD7-59E49BBEED34}
		{99FF852F-7293-434E-85C5-170FEE16443D} = {DC0AEFB6-1D17-4A26-BAD7-59E49BBEED34}
		{90D53DE7-AB66-46D5-9BE9-1E4A629203F0} = {DC0AEFB6-1D17-4A26-BAD7-59E49BBEED34}
		{EABF5770-AE15-4D71-ABC7-37DE6778A016} = {DC0AEFB6-1D17-4A26-BAD7-59E49BBEED34}
		{C8D550A5-748A-4270-BB32-5D04C8CD5A42} = {DC0AEFB6-1D17-4A26-BAD7-59E49BBEED34}
		{FDA01ECD-B9D6-424F-A1A9-831F02841632} = {B08B6718-300B-4E33-8121-649832787697}
		{EFB2B27B-411E-4382-83FF-12A84F5AC021} = {EBE68532-335D-40BE-BBA5-A86E3F3E2D7D}
		{4F723095-72A5-41FA-99E2-7CA6B4B7D414} = {767053F1-1899-487E-A7B9-79F0D5CA8F04}
	EndGlobalSection
EndGlobal
